
Microsoft Visual Studio Solution File, Format Version 12.00
# Visual Studio Version 16
VisualStudioVersion = 16.0.30011.22
MinimumVisualStudioVersion = 10.0.40219.1
Project("{FAE04EC0-301F-11D3-BF4B-00C04F79EFBC}") = "Base64Url", "Base64Url\Base64Url.csproj", "{9EFFFB39-7092-45A4-9EA0-AC460503646D}"
EndProject
Project("{FAE04EC0-301F-11D3-BF4B-00C04F79EFBC}") = "Base64Url.Test", "Base64Url.Test\Base64Url.Test.csproj", "{C831CA4C-D959-4CC4-9C9D-5BE69486FDB2}"
EndProject
Global
	GlobalSection(SolutionConfigurationPlatforms) = preSolution
		Debug|Any CPU = Debug|Any CPU
		Release|Any CPU = Release|Any CPU
	EndGlobalSection
	GlobalSection(ProjectConfigurationPlatforms) = postSolution
		{9EFFFB39-7092-45A4-9EA0-AC460503646D}.Debug|Any CPU.ActiveCfg = Debug|Any CPU
		{9EFFFB39-7092-45A4-9EA0-AC460503646D}.Debug|Any CPU.Build.0 = Debug|Any CPU
		{9EFFFB39-7092-45A4-9EA0-AC460503646D}.Release|Any CPU.ActiveCfg = Release|Any CPU
		{9EFFFB39-7092-45A4-9EA0-AC460503646D}.Release|Any CPU.Build.0 = Release|Any CPU
		{C831CA4C-D959-4CC4-9C9D-5BE69486FDB2}.Debug|Any CPU.ActiveCfg = Debug|Any CPU
		{C831CA4C-D959-4CC4-9C9D-5BE69486FDB2}.Debug|Any CPU.Build.0 = Debug|Any CPU
		{C831CA4C-D959-4CC4-9C9D-5BE69486FDB2}.Release|Any CPU.ActiveCfg = Release|Any CPU
		{C831CA4C-D959-4CC4-9C9D-5BE69486FDB2}.Release|Any CPU.Build.0 = Release|Any CPU
	EndGlobalSection
	GlobalSection(SolutionProperties) = preSolution
		HideSolutionNode = FALSE
	EndGlobalSection
	GlobalSection(ExtensibilityGlobals) = postSolution
		SolutionGuid = {97F1B3AB-FEBF-450C-AC23-CEDC8FEBD9E7}
	EndGlobalSection
EndGlobal
